// !$*UTF8*$!
{
	archiveVersion = 1;
	classes = {
	};
	objectVersion = 50;
	objects = {

/* Begin PBXBuildFile section */
		53D9CC5322C5227100FFAA21 /* AppDelegate.swift in Sources */ = {isa = PBXBuildFile; fileRef = 53D9CC5222C5227100FFAA21 /* AppDelegate.swift */; };
		53D9CC5822C5227100FFAA21 /* Main.storyboard in Resources */ = {isa = PBXBuildFile; fileRef = 53D9CC5622C5227100FFAA21 /* Main.storyboard */; };
		53D9CC5A22C5227200FFAA21 /* Assets.xcassets in Resources */ = {isa = PBXBuildFile; fileRef = 53D9CC5922C5227200FFAA21 /* Assets.xcassets */; };
		53D9CC5D22C5227200FFAA21 /* LaunchScreen.storyboard in Resources */ = {isa = PBXBuildFile; fileRef = 53D9CC5B22C5227200FFAA21 /* LaunchScreen.storyboard */; };
		53D9CC6722C5234100FFAA21 /* SearchModel.swift in Sources */ = {isa = PBXBuildFile; fileRef = 53D9CC6622C5234100FFAA21 /* SearchModel.swift */; };
		53D9CC6922C5234C00FFAA21 /* SearchModelController.swift in Sources */ = {isa = PBXBuildFile; fileRef = 53D9CC6822C5234C00FFAA21 /* SearchModelController.swift */; };
		53D9CC6E22C5258100FFAA21 /* ItemTableViewController.swift in Sources */ = {isa = PBXBuildFile; fileRef = 53D9CC6D22C5258100FFAA21 /* ItemTableViewController.swift */; };
		53D9CC7022C5259300FFAA21 /* ItemCell.swift in Sources */ = {isa = PBXBuildFile; fileRef = 53D9CC6F22C5259300FFAA21 /* ItemCell.swift */; };
/* End PBXBuildFile section */

/* Begin PBXFileReference section */
		53D9CC4F22C5227100FFAA21 /* AppleSearch.app */ = {isa = PBXFileReference; explicitFileType = wrapper.application; includeInIndex = 0; path = AppleSearch.app; sourceTree = BUILT_PRODUCTS_DIR; };
		53D9CC5222C5227100FFAA21 /* AppDelegate.swift */ = {isa = PBXFileReference; lastKnownFileType = sourcecode.swift; path = AppDelegate.swift; sourceTree = "<group>"; };
		53D9CC5722C5227100FFAA21 /* Base */ = {isa = PBXFileReference; lastKnownFileType = file.storyboard; name = Base; path = Base.lproj/Main.storyboard; sourceTree = "<group>"; };
		53D9CC5922C5227200FFAA21 /* Assets.xcassets */ = {isa = PBXFileReference; lastKnownFileType = folder.assetcatalog; path = Assets.xcassets; sourceTree = "<group>"; };
		53D9CC5C22C5227200FFAA21 /* Base */ = {isa = PBXFileReference; lastKnownFileType = file.storyboard; name = Base; path = Base.lproj/LaunchScreen.storyboard; sourceTree = "<group>"; };
		53D9CC5E22C5227200FFAA21 /* Info.plist */ = {isa = PBXFileReference; lastKnownFileType = text.plist.xml; path = Info.plist; sourceTree = "<group>"; };
		53D9CC6622C5234100FFAA21 /* SearchModel.swift */ = {isa = PBXFileReference; lastKnownFileType = sourcecode.swift; path = SearchModel.swift; sourceTree = "<group>"; };
		53D9CC6822C5234C00FFAA21 /* SearchModelController.swift */ = {isa = PBXFileReference; lastKnownFileType = sourcecode.swift; path = SearchModelController.swift; sourceTree = "<group>"; };
		53D9CC6D22C5258100FFAA21 /* ItemTableViewController.swift */ = {isa = PBXFileReference; lastKnownFileType = sourcecode.swift; path = ItemTableViewController.swift; sourceTree = "<group>"; };
		53D9CC6F22C5259300FFAA21 /* ItemCell.swift */ = {isa = PBXFileReference; lastKnownFileType = sourcecode.swift; path = ItemCell.swift; sourceTree = "<group>"; };
/* End PBXFileReference section */

/* Begin PBXFrameworksBuildPhase section */
		53D9CC4C22C5227100FFAA21 /* Frameworks */ = {
			isa = PBXFrameworksBuildPhase;
			buildActionMask = 2147483647;
			files = (
			);
			runOnlyForDeploymentPostprocessing = 0;
		};
/* End PBXFrameworksBuildPhase section */

/* Begin PBXGroup section */
		53D9CC4622C5227100FFAA21 = {
			isa = PBXGroup;
			children = (
				53D9CC5122C5227100FFAA21 /* AppleSearch */,
				53D9CC5022C5227100FFAA21 /* Products */,
			);
			sourceTree = "<group>";
		};
		53D9CC5022C5227100FFAA21 /* Products */ = {
			isa = PBXGroup;
			children = (
				53D9CC4F22C5227100FFAA21 /* AppleSearch.app */,
			);
			name = Products;
			sourceTree = "<group>";
		};
		53D9CC5122C5227100FFAA21 /* AppleSearch */ = {
			isa = PBXGroup;
			children = (
				53D9CC6522C5232400FFAA21 /* View */,
				53D9CC6A22C5235400FFAA21 /* Model */,
				53D9CC6B22C5235800FFAA21 /* Model Controller */,
				53D9CC6C22C5236200FFAA21 /* View Controllers */,
				53D9CC6422C5230D00FFAA21 /* Resources */,
			);
			path = AppleSearch;
			sourceTree = "<group>";
		};
		53D9CC6422C5230D00FFAA21 /* Resources */ = {
			isa = PBXGroup;
			children = (
				53D9CC5222C5227100FFAA21 /* AppDelegate.swift */,
				53D9CC5922C5227200FFAA21 /* Assets.xcassets */,
				53D9CC5B22C5227200FFAA21 /* LaunchScreen.storyboard */,
				53D9CC5E22C5227200FFAA21 /* Info.plist */,
			);
			path = Resources;
			sourceTree = "<group>";
		};
		53D9CC6522C5232400FFAA21 /* View */ = {
			isa = PBXGroup;
			children = (
				53D9CC5622C5227100FFAA21 /* Main.storyboard */,
			);
			path = View;
			sourceTree = "<group>";
		};
		53D9CC6A22C5235400FFAA21 /* Model */ = {
			isa = PBXGroup;
			children = (
				53D9CC6622C5234100FFAA21 /* SearchModel.swift */,
			);
			path = Model;
			sourceTree = "<group>";
		};
		53D9CC6B22C5235800FFAA21 /* Model Controller */ = {
			isa = PBXGroup;
			children = (
				53D9CC6822C5234C00FFAA21 /* SearchModelController.swift */,
			);
			path = "Model Controller";
			sourceTree = "<group>";
		};
		53D9CC6C22C5236200FFAA21 /* View Controllers */ = {
			isa = PBXGroup;
			children = (
				53D9CC6D22C5258100FFAA21 /* ItemTableViewController.swift */,
				53D9CC6F22C5259300FFAA21 /* ItemCell.swift */,
			);
			path = "View Controllers";
			sourceTree = "<group>";
		};
/* End PBXGroup section */

/* Begin PBXNativeTarget section */
		53D9CC4E22C5227100FFAA21 /* AppleSearch */ = {
			isa = PBXNativeTarget;
			buildConfigurationList = 53D9CC6122C5227200FFAA21 /* Build configuration list for PBXNativeTarget "AppleSearch" */;
			buildPhases = (
				53D9CC4B22C5227100FFAA21 /* Sources */,
				53D9CC4C22C5227100FFAA21 /* Frameworks */,
				53D9CC4D22C5227100FFAA21 /* Resources */,
			);
			buildRules = (
			);
			dependencies = (
			);
			name = AppleSearch;
			productName = AppleSearch;
			productReference = 53D9CC4F22C5227100FFAA21 /* AppleSearch.app */;
			productType = "com.apple.product-type.application";
		};
/* End PBXNativeTarget section */

/* Begin PBXProject section */
		53D9CC4722C5227100FFAA21 /* Project object */ = {
			isa = PBXProject;
			attributes = {
				LastSwiftUpdateCheck = 1020;
				LastUpgradeCheck = 1020;
				ORGANIZATIONNAME = "Madi S";
				TargetAttributes = {
					53D9CC4E22C5227100FFAA21 = {
						CreatedOnToolsVersion = 10.2.1;
					};
				};
			};
			buildConfigurationList = 53D9CC4A22C5227100FFAA21 /* Build configuration list for PBXProject "AppleSearch" */;
			compatibilityVersion = "Xcode 9.3";
			developmentRegion = en;
			hasScannedForEncodings = 0;
			knownRegions = (
				en,
				Base,
			);
			mainGroup = 53D9CC4622C5227100FFAA21;
			productRefGroup = 53D9CC5022C5227100FFAA21 /* Products */;
			projectDirPath = "";
			projectRoot = "";
			targets = (
				53D9CC4E22C5227100FFAA21 /* AppleSearch */,
			);
		};
/* End PBXProject section */

/* Begin PBXResourcesBuildPhase section */
		53D9CC4D22C5227100FFAA21 /* Resources */ = {
			isa = PBXResourcesBuildPhase;
			buildActionMask = 2147483647;
			files = (
				53D9CC5D22C5227200FFAA21 /* LaunchScreen.storyboard in Resources */,
				53D9CC5A22C5227200FFAA21 /* Assets.xcassets in Resources */,
				53D9CC5822C5227100FFAA21 /* Main.storyboard in Resources */,
			);
			runOnlyForDeploymentPostprocessing = 0;
		};
/* End PBXResourcesBuildPhase section */

/* Begin PBXSourcesBuildPhase section */
		53D9CC4B22C5227100FFAA21 /* Sources */ = {
			isa = PBXSourcesBuildPhase;
			buildActionMask = 2147483647;
			files = (
				53D9CC5322C5227100FFAA21 /* AppDelegate.swift in Sources */,
				53D9CC6922C5234C00FFAA21 /* SearchModelController.swift in Sources */,
				53D9CC6E22C5258100FFAA21 /* ItemTableViewController.swift in Sources */,
				53D9CC6722C5234100FFAA21 /* SearchModel.swift in Sources */,
				53D9CC7022C5259300FFAA21 /* ItemCell.swift in Sources */,
			);
			runOnlyForDeploymentPostprocessing = 0;
		};
/* End PBXSourcesBuildPhase section */

/* Begin PBXVariantGroup section */
		53D9CC5622C5227100FFAA21 /* Main.storyboard */ = {
			isa = PBXVariantGroup;
			children = (
				53D9CC5722C5227100FFAA21 /* Base */,
			);
			name = Main.storyboard;
			sourceTree = "<group>";
		};
		53D9CC5B22C5227200FFAA21 /* LaunchScreen.storyboard */ = {
			isa = PBXVariantGroup;
			children = (
				53D9CC5C22C5227200FFAA21 /* Base */,
			);
			name = LaunchScreen.storyboard;
			sourceTree = "<group>";
		};
/* End PBXVariantGroup section */

/* Begin XCBuildConfiguration section */
		53D9CC5F22C5227200FFAA21 /* Debug */ = {
			isa = XCBuildConfiguration;
			buildSettings = {
				ALWAYS_SEARCH_USER_PATHS = NO;
				CLANG_ANALYZER_NONNULL = YES;
				CLANG_ANALYZER_NUMBER_OBJECT_CONVERSION = YES_AGGRESSIVE;
				CLANG_CXX_LANGUAGE_STANDARD = "gnu++14";
				CLANG_CXX_LIBRARY = "libc++";
				CLANG_ENABLE_MODULES = YES;
				CLANG_ENABLE_OBJC_ARC = YES;
				CLANG_ENABLE_OBJC_WEAK = YES;
				CLANG_WARN_BLOCK_CAPTURE_AUTORELEASING = YES;
				CLANG_WARN_BOOL_CONVERSION = YES;
				CLANG_WARN_COMMA = YES;
				CLANG_WARN_CONSTANT_CONVERSION = YES;
				CLANG_WARN_DEPRECATED_OBJC_IMPLEMENTATIONS = YES;
				CLANG_WARN_DIRECT_OBJC_ISA_USAGE = YES_ERROR;
				CLANG_WARN_DOCUMENTATION_COMMENTS = YES;
				CLANG_WARN_EMPTY_BODY = YES;
				CLANG_WARN_ENUM_CONVERSION = YES;
				CLANG_WARN_INFINITE_RECURSION = YES;
				CLANG_WARN_INT_CONVERSION = YES;
				CLANG_WARN_NON_LITERAL_NULL_CONVERSION = YES;
				CLANG_WARN_OBJC_IMPLICIT_RETAIN_SELF = YES;
				CLANG_WARN_OBJC_LITERAL_CONVERSION = YES;
				CLANG_WARN_OBJC_ROOT_CLASS = YES_ERROR;
				CLANG_WARN_RANGE_LOOP_ANALYSIS = YES;
				CLANG_WARN_STRICT_PROTOTYPES = YES;
				CLANG_WARN_SUSPICIOUS_MOVE = YES;
				CLANG_WARN_UNGUARDED_AVAILABILITY = YES_AGGRESSIVE;
				CLANG_WARN_UNREACHABLE_CODE = YES;
				CLANG_WARN__DUPLICATE_METHOD_MATCH = YES;
				CODE_SIGN_IDENTITY = "iPhone Developer";
				COPY_PHASE_STRIP = NO;
				DEBUG_INFORMATION_FORMAT = dwarf;
				ENABLE_STRICT_OBJC_MSGSEND = YES;
				ENABLE_TESTABILITY = YES;
				GCC_C_LANGUAGE_STANDARD = gnu11;
				GCC_DYNAMIC_NO_PIC = NO;
				GCC_NO_COMMON_BLOCKS = YES;
				GCC_OPTIMIZATION_LEVEL = 0;
				GCC_PREPROCESSOR_DEFINITIONS = (
					"DEBUG=1",
					"$(inherited)",
				);
				GCC_WARN_64_TO_32_BIT_CONVERSION = YES;
				GCC_WARN_ABOUT_RETURN_TYPE = YES_ERROR;
				GCC_WARN_UNDECLARED_SELECTOR = YES;
				GCC_WARN_UNINITIALIZED_AUTOS = YES_AGGRESSIVE;
				GCC_WARN_UNUSED_FUNCTION = YES;
				GCC_WARN_UNUSED_VARIABLE = YES;
				IPHONEOS_DEPLOYMENT_TARGET = 12.2;
				MTL_ENABLE_DEBUG_INFO = INCLUDE_SOURCE;
				MTL_FAST_MATH = YES;
				ONLY_ACTIVE_ARCH = YES;
				SDKROOT = iphoneos;
				SWIFT_ACTIVE_COMPILATION_CONDITIONS = DEBUG;
				SWIFT_OPTIMIZATION_LEVEL = "-Onone";
			};
			name = Debug;
		};
		53D9CC6022C5227200FFAA21 /* Release */ = {
			isa = XCBuildConfiguration;
			buildSettings = {
				ALWAYS_SEARCH_USER_PATHS = NO;
				CLANG_ANALYZER_NONNULL = YES;
				CLANG_ANALYZER_NUMBER_OBJECT_CONVERSION = YES_AGGRESSIVE;
				CLANG_CXX_LANGUAGE_STANDARD = "gnu++14";
				CLANG_CXX_LIBRARY = "libc++";
				CLANG_ENABLE_MODULES = YES;
				CLANG_ENABLE_OBJC_ARC = YES;
				CLANG_ENABLE_OBJC_WEAK = YES;
				CLANG_WARN_BLOCK_CAPTURE_AUTORELEASING = YES;
				CLANG_WARN_BOOL_CONVERSION = YES;
				CLANG_WARN_COMMA = YES;
				CLANG_WARN_CONSTANT_CONVERSION = YES;
				CLANG_WARN_DEPRECATED_OBJC_IMPLEMENTATIONS = YES;
				CLANG_WARN_DIRECT_OBJC_ISA_USAGE = YES_ERROR;
				CLANG_WARN_DOCUMENTATION_COMMENTS = YES;
				CLANG_WARN_EMPTY_BODY = YES;
				CLANG_WARN_ENUM_CONVERSION = YES;
				CLANG_WARN_INFINITE_RECURSION = YES;
				CLANG_WARN_INT_CONVERSION = YES;
				CLANG_WARN_NON_LITERAL_NULL_CONVERSION = YES;
				CLANG_WARN_OBJC_IMPLICIT_RETAIN_SELF = YES;
				CLANG_WARN_OBJC_LITERAL_CONVERSION = YES;
				CLANG_WARN_OBJC_ROOT_CLASS = YES_ERROR;
				CLANG_WARN_RANGE_LOOP_ANALYSIS = YES;
				CLANG_WARN_STRICT_PROTOTYPES = YES;
				CLANG_WARN_SUSPICIOUS_MOVE = YES;
				CLANG_WARN_UNGUARDED_AVAILABILITY = YES_AGGRESSIVE;
				CLANG_WARN_UNREACHABLE_CODE = YES;
				CLANG_WARN__DUPLICATE_METHOD_MATCH = YES;
				CODE_SIGN_IDENTITY = "iPhone Developer";
				COPY_PHASE_STRIP = NO;
				DEBUG_INFORMATION_FORMAT = "dwarf-with-dsym";
				ENABLE_NS_ASSERTIONS = NO;
				ENABLE_STRICT_OBJC_MSGSEND = YES;
				GCC_C_LANGUAGE_STANDARD = gnu11;
				GCC_NO_COMMON_BLOCKS = YES;
				GCC_WARN_64_TO_32_BIT_CONVERSION = YES;
				GCC_WARN_ABOUT_RETURN_TYPE = YES_ERROR;
				GCC_WARN_UNDECLARED_SELECTOR = YES;
				GCC_WARN_UNINITIALIZED_AUTOS = YES_AGGRESSIVE;
				GCC_WARN_UNUSED_FUNCTION = YES;
				GCC_WARN_UNUSED_VARIABLE = YES;
				IPHONEOS_DEPLOYMENT_TARGET = 12.2;
				MTL_ENABLE_DEBUG_INFO = NO;
				MTL_FAST_MATH = YES;
				SDKROOT = iphoneos;
				SWIFT_COMPILATION_MODE = wholemodule;
				SWIFT_OPTIMIZATION_LEVEL = "-O";
				VALIDATE_PRODUCT = YES;
			};
			name = Release;
		};
		53D9CC6222C5227200FFAA21 /* Debug */ = {
			isa = XCBuildConfiguration;
			buildSettings = {
				ASSETCATALOG_COMPILER_APPICON_NAME = AppIcon;
				CODE_SIGN_STYLE = Automatic;
				INFOPLIST_FILE = "$(SRCROOT)/AppleSearch/Resources/Info.plist";
				LD_RUNPATH_SEARCH_PATHS = (
					"$(inherited)",
					"@executable_path/Frameworks",
				);
				PRODUCT_BUNDLE_IDENTIFIER = "Madi-S.AppleSearch";
				PRODUCT_NAME = "$(TARGET_NAME)";
				SWIFT_VERSION = 5.0;
				TARGETED_DEVICE_FAMILY = "1,2";
			};
			name = Debug;
		};
		53D9CC6322C5227200FFAA21 /* Release */ = {
			isa = XCBuildConfiguration;
			buildSettings = {
				ASSETCATALOG_COMPILER_APPICON_NAME = AppIcon;
				CODE_SIGN_STYLE = Automatic;
				INFOPLIST_FILE = "$(SRCROOT)/AppleSearch/Resources/Info.plist";
				LD_RUNPATH_SEARCH_PATHS = (
					"$(inherited)",
					"@executable_path/Frameworks",
				);
				PRODUCT_BUNDLE_IDENTIFIER = "Madi-S.AppleSearch";
				PRODUCT_NAME = "$(TARGET_NAME)";
				SWIFT_VERSION = 5.0;
				TARGETED_DEVICE_FAMILY = "1,2";
			};
			name = Release;
		};
/* End XCBuildConfiguration section */

/* Begin XCConfigurationList section */
		53D9CC4A22C5227100FFAA21 /* Build configuration list for PBXProject "AppleSearch" */ = {
			isa = XCConfigurationList;
			buildConfigurations = (
				53D9CC5F22C5227200FFAA21 /* Debug */,
				53D9CC6022C5227200FFAA21 /* Release */,
			);
			defaultConfigurationIsVisible = 0;
			defaultConfigurationName = Release;
		};
		53D9CC6122C5227200FFAA21 /* Build configuration list for PBXNativeTarget "AppleSearch" */ = {
			isa = XCConfigurationList;
			buildConfigurations = (
				53D9CC6222C5227200FFAA21 /* Debug */,
				53D9CC6322C5227200FFAA21 /* Release */,
			);
			defaultConfigurationIsVisible = 0;
			defaultConfigurationName = Release;
		};
/* End XCConfigurationList section */
	};
	rootObject = 53D9CC4722C5227100FFAA21 /* Project object */;
}
